
Microsoft Visual Studio Solution File, Format Version 12.00
# Visual Studio Version 17
VisualStudioVersion = 17.1.32228.430
MinimumVisualStudioVersion = 10.0.40219.1
Project("{9A19103F-16F7-4668-BE54-9A1E7A4F7556}") = "ServiceRep", "ServiceRep\ServiceRep.csproj", "{3CED8C06-1EAF-4B74-BF96-095EFB18B15F}"
EndProject
Project("{9A19103F-16F7-4668-BE54-9A1E7A4F7556}") = "Test.ServiceRep", "Test.ServiceRep\Test.ServiceRep.csproj", "{4D553D20-570F-4A4A-A874-42A75AD0B8A7}"
EndProject
Project("{9A19103F-16F7-4668-BE54-9A1E7A4F7556}") = "ServiceRepWithFactory", "ServiceRepWithFactory\ServiceRepWithFactory.csproj", "{2039049D-1183-4DAF-B0BB-00D90B1FE9F3}"
EndProject
Project("{FAE04EC0-301F-11D3-BF4B-00C04F79EFBC}") = "AppWithDDD", "AppWithDDD\AppWithDDD.csproj", "{9E60D7A7-E186-4686-B59B-29BFBDE0114D}"
EndProject
Global
	GlobalSection(SolutionConfigurationPlatforms) = preSolution
		Debug|Any CPU = Debug|Any CPU
		Release|Any CPU = Release|Any CPU
	EndGlobalSection
	GlobalSection(ProjectConfigurationPlatforms) = postSolution
		{3CED8C06-1EAF-4B74-BF96-095EFB18B15F}.Debug|Any CPU.ActiveCfg = Debug|Any CPU
		{3CED8C06-1EAF-4B74-BF96-095EFB18B15F}.Debug|Any CPU.Build.0 = Debug|Any CPU
		{3CED8C06-1EAF-4B74-BF96-095EFB18B15F}.Release|Any CPU.ActiveCfg = Release|Any CPU
		{3CED8C06-1EAF-4B74-BF96-095EFB18B15F}.Release|Any CPU.Build.0 = Release|Any CPU
		{4D553D20-570F-4A4A-A874-42A75AD0B8A7}.Debug|Any CPU.ActiveCfg = Debug|Any CPU
		{4D553D20-570F-4A4A-A874-42A75AD0B8A7}.Debug|Any CPU.Build.0 = Debug|Any CPU
		{4D553D20-570F-4A4A-A874-42A75AD0B8A7}.Release|Any CPU.ActiveCfg = Release|Any CPU
		{4D553D20-570F-4A4A-A874-42A75AD0B8A7}.Release|Any CPU.Build.0 = Release|Any CPU
		{2039049D-1183-4DAF-B0BB-00D90B1FE9F3}.Debug|Any CPU.ActiveCfg = Debug|Any CPU
		{2039049D-1183-4DAF-B0BB-00D90B1FE9F3}.Debug|Any CPU.Build.0 = Debug|Any CPU
		{2039049D-1183-4DAF-B0BB-00D90B1FE9F3}.Release|Any CPU.ActiveCfg = Release|Any CPU
		{2039049D-1183-4DAF-B0BB-00D90B1FE9F3}.Release|Any CPU.Build.0 = Release|Any CPU
		{9E60D7A7-E186-4686-B59B-29BFBDE0114D}.Debug|Any CPU.ActiveCfg = Debug|Any CPU
		{9E60D7A7-E186-4686-B59B-29BFBDE0114D}.Debug|Any CPU.Build.0 = Debug|Any CPU
		{9E60D7A7-E186-4686-B59B-29BFBDE0114D}.Release|Any CPU.ActiveCfg = Release|Any CPU
		{9E60D7A7-E186-4686-B59B-29BFBDE0114D}.Release|Any CPU.Build.0 = Release|Any CPU
	EndGlobalSection
	GlobalSection(SolutionProperties) = preSolution
		HideSolutionNode = FALSE
	EndGlobalSection
	GlobalSection(ExtensibilityGlobals) = postSolution
		SolutionGuid = {E6578F7F-5F6A-4854-8EFE-1A6C856002CD}
	EndGlobalSection
EndGlobal
